<?xml version="1.0" encoding="utf-8"?>
<Project ToolsVersion="4.0" xmlns="http://schemas.microsoft.com/developer/msbuild/2003">
  <ItemGroup>
    <Filter Include="Source Files">
      <UniqueIdentifier>{4FC737F1-C7A5-4376-A066-2A32D752A2FF}</UniqueIdentifier>
      <Extensions>cpp;c;cc;cxx;def;odl;idl;hpj;bat;asm;asmx</Extensions>
    </Filter>
    <Filter Include="Header Files">
      <UniqueIdentifier>{93995380-89BD-4b04-88EB-625FBE52EBFB}</UniqueIdentifier>
      <Extensions>h;hh;hpp;hxx;hm;inl;inc;ipp;xsd</Extensions>
    </Filter>
    <Filter Include="Resource Files">
      <UniqueIdentifier>{67DA6AB6-F800-4c08-8B7A-83BB121AAD01}</UniqueIdentifier>
      <Extensions>rc;ico;cur;bmp;dlg;rc2;rct;bin;rgs;gif;jpg;jpeg;jpe;resx;tiff;tif;png;wav;mfcribbon-ms</Extensions>
    </Filter>
  </ItemGroup>
  <ItemGroup>
    <ClCompile Include="..\vice-emu-code-r44576-trunk-vice\src\c1541.c">
      <Filter>Source Files</Filter>
    </ClCompile>
    <ClCompile Include="..\vice-emu-code-r44576-trunk-vice\src\c1541-stubs.c">
      <Filter>Source Files</Filter>
    </ClCompile>
    <ClCompile Include="..\vice-emu-code-r44576-trunk-vice\src\imagecontents\diskcontents-iec.c">
      <Filter>Source Files</Filter>
    </ClCompile>
    <ClCompile Include="..\vice-emu-code-r44576-trunk-vice\src\serial\serial-iec-lib.c">
      <Filter>Source Files</Filter>
    </ClCompile>
    <ClCompile Include="..\vice-emu-code-r44576-trunk-vice\src\serial\serial-device.c">
      <Filter>Source Files</Filter>
    </ClCompile>
    <ClCompile Include="..\vice-emu-code-r44576-trunk-vice\src\diskimage\diskimage.c">
      <Filter>Source Files</Filter>
    </ClCompile>
    <ClCompile Include="..\vice-emu-code-r44576-trunk-vice\src\diskimage\fsimage.c">
      <Filter>Source Files</Filter>
    </ClCompile>
    <ClCompile Include="..\vice-emu-code-r44576-trunk-vice\src\diskimage\fsimage-check.c">
      <Filter>Source Files</Filter>
    </ClCompile>
    <ClCompile Include="..\vice-emu-code-r44576-trunk-vice\src\diskimage\fsimage-create.c">
      <Filter>Source Files</Filter>
    </ClCompile>
    <ClCompile Include="..\vice-emu-code-r44576-trunk-vice\src\diskimage\fsimage-dxx.c">
      <Filter>Source Files</Filter>
    </ClCompile>
    <ClCompile Include="..\vice-emu-code-r44576-trunk-vice\src\diskimage\fsimage-gcr.c">
      <Filter>Source Files</Filter>
    </ClCompile>
    <ClCompile Include="..\vice-emu-code-r44576-trunk-vice\src\diskimage\fsimage-p64.c">
      <Filter>Source Files</Filter>
    </ClCompile>
    <ClCompile Include="..\vice-emu-code-r44576-trunk-vice\src\diskimage\fsimage-probe.c">
      <Filter>Source Files</Filter>
    </ClCompile>
    <ClCompile Include="..\vice-emu-code-r44576-trunk-vice\src\diskimage\realimage.c">
      <Filter>Source Files</Filter>
    </ClCompile>
    <ClCompile Include="..\vice-emu-code-r44576-trunk-vice\src\vdrive\vdrive.c">
      <Filter>Source Files</Filter>
    </ClCompile>
    <ClCompile Include="..\vice-emu-code-r44576-trunk-vice\src\vdrive\vdrive-bam.c">
      <Filter>Source Files</Filter>
    </ClCompile>
    <ClCompile Include="..\vice-emu-code-r44576-trunk-vice\src\vdrive\vdrive-command.c">
      <Filter>Source Files</Filter>
    </ClCompile>
    <ClCompile Include="..\vice-emu-code-r44576-trunk-vice\src\vdrive\vdrive-dir.c">
      <Filter>Source Files</Filter>
    </ClCompile>
    <ClCompile Include="..\vice-emu-code-r44576-trunk-vice\src\vdrive\vdrive-iec.c">
      <Filter>Source Files</Filter>
    </ClCompile>
    <ClCompile Include="..\vice-emu-code-r44576-trunk-vice\src\vdrive\vdrive-internal.c">
      <Filter>Source Files</Filter>
    </ClCompile>
    <ClCompile Include="..\vice-emu-code-r44576-trunk-vice\src\vdrive\vdrive-rel.c">
      <Filter>Source Files</Filter>
    </ClCompile>
    <ClCompile Include="..\vice-emu-code-r44576-trunk-vice\src\vdrive\vdrive-snapshot.c">
      <Filter>Source Files</Filter>
    </ClCompile>
    <ClCompile Include="..\vice-emu-code-r44576-trunk-vice\src\imagecontents\diskcontents.c">
      <Filter>Source Files</Filter>
    </ClCompile>
    <ClCompile Include="..\vice-emu-code-r44576-trunk-vice\src\imagecontents\diskcontents-block.c">
      <Filter>Source Files</Filter>
    </ClCompile>
    <ClCompile Include="..\vice-emu-code-r44576-trunk-vice\src\imagecontents\imagecontents.c">
      <Filter>Source Files</Filter>
    </ClCompile>
    <ClCompile Include="..\vice-emu-code-r44576-trunk-vice\src\imagecontents\tapecontents.c">
      <Filter>Source Files</Filter>
    </ClCompile>
    <ClCompile Include="..\vice-emu-code-r44576-trunk-vice\src\arch\shared\archdep_access.c">
      <Filter>Source Files</Filter>
    </ClCompile>
    <ClCompile Include="..\vice-emu-code-r44576-trunk-vice\src\arch\shared\archdep_boot_path.c">
      <Filter>Source Files</Filter>
    </ClCompile>
    <ClCompile Include="..\vice-emu-code-r44576-trunk-vice\src\arch\shared\archdep_cbmfont.c">
      <Filter>Source Files</Filter>
    </ClCompile>
    <ClCompile Include="..\vice-emu-code-r44576-trunk-vice\src\arch\shared\archdep_chdir.c">
      <Filter>Source Files</Filter>
    </ClCompile>
    <ClCompile Include="..\vice-emu-code-r44576-trunk-vice\src\arch\shared\archdep_close.c">
      <Filter>Source Files</Filter>
    </ClCompile>
    <ClCompile Include="..\vice-emu-code-r44576-trunk-vice\src\arch\shared\archdep_create_user_cache_dir.c">
      <Filter>Source Files</Filter>
    </ClCompile>
    <ClCompile Include="..\vice-emu-code-r44576-trunk-vice\src\arch\shared\archdep_create_user_config_dir.c">
      <Filter>Source Files</Filter>
    </ClCompile>
    <ClCompile Include="..\vice-emu-code-r44576-trunk-vice\src\arch\shared\archdep_create_user_state_dir.c">
      <Filter>Source Files</Filter>
    </ClCompile>
    <ClCompile Include="..\vice-emu-code-r44576-trunk-vice\src\arch\shared\archdep_current_dir.c">
      <Filter>Source Files</Filter>
    </ClCompile>
    <ClCompile Include="..\vice-emu-code-r44576-trunk-vice\src\arch\shared\archdep_default_autostart_disk_image_file_name.c">
      <Filter>Source Files</Filter>
    </ClCompile>
    <ClCompile Include="..\vice-emu-code-r44576-trunk-vice\src\arch\shared\archdep_default_fliplist_file_name.c">
      <Filter>Source Files</Filter>
    </ClCompile>
    <ClCompile Include="..\vice-emu-code-r44576-trunk-vice\src\arch\shared\archdep_default_logfile.c">
      <Filter>Source Files</Filter>
    </ClCompile>
    <ClCompile Include="..\vice-emu-code-r44576-trunk-vice\src\arch\shared\archdep_default_logger.c">
      <Filter>Source Files</Filter>
    </ClCompile>
    <ClCompile Include="..\vice-emu-code-r44576-trunk-vice\src\arch\shared\archdep_default_portable_resource_file_name.c">
      <Filter>Source Files</Filter>
    </ClCompile>
    <ClCompile Include="..\vice-emu-code-r44576-trunk-vice\src\arch\shared\archdep_default_resource_file_name.c">
      <Filter>Source Files</Filter>
    </ClCompile>
    <ClCompile Include="..\vice-emu-code-r44576-trunk-vice\src\arch\shared\archdep_default_rtc_file_name.c">
      <Filter>Source Files</Filter>
    </ClCompile>
    <ClCompile Include="..\vice-emu-code-r44576-trunk-vice\src\arch\shared\archdep_default_sysfile_pathlist.c">
      <Filter>Source Files</Filter>
    </ClCompile>
    <ClCompile Include="..\vice-emu-code-r44576-trunk-vice\src\arch\shared\archdep_dir.c">
      <Filter>Source Files</Filter>
    </ClCompile>
    <ClCompile Include="..\vice-emu-code-r44576-trunk-vice\src\arch\shared\archdep_exit.c">
      <Filter>Source Files</Filter>
    </ClCompile>
    <ClCompile Include="..\vice-emu-code-r44576-trunk-vice\src\arch\shared\archdep_expand_path.c">
      <Filter>Source Files</Filter>
    </ClCompile>
    <ClCompile Include="..\vice-emu-code-r44576-trunk-vice\src\arch\shared\archdep_fdopen.c">
      <Filter>Source Files</Filter>
    </ClCompile>
    <ClCompile Include="..\vice-emu-code-r44576-trunk-vice\src\arch\shared\archdep_file_exists.c">
      <Filter>Source Files</Filter>
    </ClCompile>
    <ClCompile Include="..\vice-emu-code-r44576-trunk-vice\src\arch\shared\archdep_file_is_blockdev.c">
      <Filter>Source Files</Filter>
    </ClCompile>
    <ClCompile Include="..\vice-emu-code-r44576-trunk-vice\src\arch\shared\archdep_file_is_chardev.c">
      <Filter>Source Files</Filter>
    </ClCompile>
    <ClCompile Include="..\vice-emu-code-r44576-trunk-vice\src\arch\shared\archdep_file_size.c">
      <Filter>Source Files</Filter>
    </ClCompile>
    <ClCompile Include="..\vice-emu-code-r44576-trunk-vice\src\arch\shared\archdep_filename_parameter.c">
      <Filter>Source Files</Filter>
    </ClCompile>
    <ClCompile Include="..\vice-emu-code-r44576-trunk-vice\src\arch\shared\archdep_fix_permissions.c">
      <Filter>Source Files</Filter>
    </ClCompile>
    <ClCompile Include="..\vice-emu-code-r44576-trunk-vice\src\arch\shared\archdep_fix_streams.c">
      <Filter>Source Files</Filter>
    </ClCompile>
    <ClCompile Include="..\vice-emu-code-r44576-trunk-vice\src\arch\shared\archdep_fseeko.c">
      <Filter>Source Files</Filter>
    </ClCompile>
    <ClCompile Include="..\vice-emu-code-r44576-trunk-vice\src\arch\shared\archdep_ftello.c">
      <Filter>Source Files</Filter>
    </ClCompile>
    <ClCompile Include="..\vice-emu-code-r44576-trunk-vice\src\arch\shared\archdep_get_current_drive.c">
      <Filter>Source Files</Filter>
    </ClCompile>
    <ClCompile Include="..\vice-emu-code-r44576-trunk-vice\src\arch\shared\archdep_get_hvsc_dir.c">
      <Filter>Source Files</Filter>
    </ClCompile>
    <ClCompile Include="..\vice-emu-code-r44576-trunk-vice\src\arch\shared\archdep_get_runtime_info.c">
      <Filter>Source Files</Filter>
    </ClCompile>
    <ClCompile Include="..\vice-emu-code-r44576-trunk-vice\src\arch\shared\archdep_get_vice_datadir.c">
      <Filter>Source Files</Filter>
    </ClCompile>
    <ClCompile Include="..\vice-emu-code-r44576-trunk-vice\src\arch\shared\archdep_get_vice_docsdir.c">
      <Filter>Source Files</Filter>
    </ClCompile>
    <ClCompile Include="..\vice-emu-code-r44576-trunk-vice\src\arch\shared\archdep_get_vice_drivesdir.c">
      <Filter>Source Files</Filter>
    </ClCompile>
    <ClCompile Include="..\vice-emu-code-r44576-trunk-vice\src\arch\shared\archdep_get_vice_hotkeysdir.c">
      <Filter>Source Files</Filter>
    </ClCompile>
    <ClCompile Include="..\vice-emu-code-r44576-trunk-vice\src\arch\shared\archdep_get_vice_machinedir.c">
      <Filter>Source Files</Filter>
    </ClCompile>
    <ClCompile Include="..\vice-emu-code-r44576-trunk-vice\src\arch\shared\archdep_getcwd.c">
      <Filter>Source Files</Filter>
    </ClCompile>
    <ClCompile Include="..\vice-emu-code-r44576-trunk-vice\src\arch\shared\archdep_home_path.c">
      <Filter>Source Files</Filter>
    </ClCompile>
    <ClCompile Include="..\vice-emu-code-r44576-trunk-vice\src\arch\shared\archdep_icon_path.c">
      <Filter>Source Files</Filter>
    </ClCompile>
    <ClCompile Include="..\vice-emu-code-r44576-trunk-vice\src\arch\shared\archdep_is_haiku.c">
      <Filter>Source Files</Filter>
    </ClCompile>
    <ClCompile Include="..\vice-emu-code-r44576-trunk-vice\src\arch\shared\archdep_is_macos_bindist.c">
      <Filter>Source Files</Filter>
    </ClCompile>
    <ClCompile Include="..\vice-emu-code-r44576-trunk-vice\src\arch\shared\archdep_is_windows_nt.c">
      <Filter>Source Files</Filter>
    </ClCompile>
    <ClCompile Include="..\vice-emu-code-r44576-trunk-vice\src\arch\shared\archdep_kbd_get_host_mapping.c">
      <Filter>Source Files</Filter>
    </ClCompile>
    <ClCompile Include="..\vice-emu-code-r44576-trunk-vice\src\arch\shared\archdep_list_drives.c">
      <Filter>Source Files</Filter>
    </ClCompile>
    <ClCompile Include="..\vice-emu-code-r44576-trunk-vice\src\arch\shared\archdep_make_backup_filename.c">
      <Filter>Source Files</Filter>
    </ClCompile>
    <ClCompile Include="..\vice-emu-code-r44576-trunk-vice\src\arch\shared\archdep_mkdir.c">
      <Filter>Source Files</Filter>
    </ClCompile>
    <ClCompile Include="..\vice-emu-code-r44576-trunk-vice\src\arch\shared\archdep_mkstemp_fd.c">
      <Filter>Source Files</Filter>
    </ClCompile>
    <ClCompile Include="..\vice-emu-code-r44576-trunk-vice\src\arch\shared\archdep_open_default_log_file.c">
      <Filter>Source Files</Filter>
    </ClCompile>
    <ClCompile Include="..\vice-emu-code-r44576-trunk-vice\src\arch\shared\archdep_path_is_relative.c">
      <Filter>Source Files</Filter>
    </ClCompile>
    <ClCompile Include="..\vice-emu-code-r44576-trunk-vice\src\arch\shared\archdep_program_name.c">
      <Filter>Source Files</Filter>
    </ClCompile>
    <ClCompile Include="..\vice-emu-code-r44576-trunk-vice\src\arch\shared\archdep_program_path.c">
      <Filter>Source Files</Filter>
    </ClCompile>
    <ClCompile Include="..\vice-emu-code-r44576-trunk-vice\src\arch\shared\archdep_quote_parameter.c">
      <Filter>Source Files</Filter>
    </ClCompile>
    <ClCompile Include="..\vice-emu-code-r44576-trunk-vice\src\arch\shared\archdep_quote_unzip.c">
      <Filter>Source Files</Filter>
    </ClCompile>
    <ClCompile Include="..\vice-emu-code-r44576-trunk-vice\src\arch\shared\archdep_rawnet_capability.c">
      <Filter>Source Files</Filter>
    </ClCompile>
    <ClCompile Include="..\vice-emu-code-r44576-trunk-vice\src\arch\shared\archdep_real_path.c">
      <Filter>Source Files</Filter>
    </ClCompile>
    <ClCompile Include="..\vice-emu-code-r44576-trunk-vice\src\arch\shared\archdep_remove.c">
      <Filter>Source Files</Filter>
    </ClCompile>
    <ClCompile Include="..\vice-emu-code-r44576-trunk-vice\src\arch\shared\archdep_rename.c">
      <Filter>Source Files</Filter>
    </ClCompile>
    <ClCompile Include="..\vice-emu-code-r44576-trunk-vice\src\arch\shared\archdep_require_vkbd.c">
      <Filter>Source Files</Filter>
    </ClCompile>
    <ClCompile Include="..\vice-emu-code-r44576-trunk-vice\src\arch\shared\archdep_rmdir.c">
      <Filter>Source Files</Filter>
    </ClCompile>
    <ClCompile Include="..\vice-emu-code-r44576-trunk-vice\src\arch\shared\archdep_rtc_get_centisecond.c">
      <Filter>Source Files</Filter>
    </ClCompile>
    <ClCompile Include="..\vice-emu-code-r44576-trunk-vice\src\arch\shared\archdep_sanitize_filename.c">
      <Filter>Source Files</Filter>
    </ClCompile>
    <ClCompile Include="..\vice-emu-code-r44576-trunk-vice\src\arch\shared\archdep_set_current_drive.c">
      <Filter>Source Files</Filter>
    </ClCompile>
    <ClCompile Include="..\vice-emu-code-r44576-trunk-vice\src\arch\shared\archdep_set_openmp_wait_policy.c">
      <Filter>Source Files</Filter>
    </ClCompile>
    <ClCompile Include="..\vice-emu-code-r44576-trunk-vice\src\arch\shared\archdep_signals.c">
      <Filter>Source Files</Filter>
    </ClCompile>
    <ClCompile Include="..\vice-emu-code-r44576-trunk-vice\src\arch\shared\archdep_sound.c">
      <Filter>Source Files</Filter>
    </ClCompile>
    <ClCompile Include="..\vice-emu-code-r44576-trunk-vice\src\arch\shared\archdep_startup_log_error.c">
      <Filter>Source Files</Filter>
    </ClCompile>
    <ClCompile Include="..\vice-emu-code-r44576-trunk-vice\src\arch\shared\archdep_tick.c">
      <Filter>Source Files</Filter>
    </ClCompile>
    <ClCompile Include="..\vice-emu-code-r44576-trunk-vice\src\arch\shared\archdep_tmpnam.c">
      <Filter>Source Files</Filter>
    </ClCompile>
    <ClCompile Include="..\vice-emu-code-r44576-trunk-vice\src\arch\shared\archdep_user_cache_path.c">
      <Filter>Source Files</Filter>
    </ClCompile>
    <ClCompile Include="..\vice-emu-code-r44576-trunk-vice\src\arch\shared\archdep_user_config_path.c">
      <Filter>Source Files</Filter>
    </ClCompile>
    <ClCompile Include="..\vice-emu-code-r44576-trunk-vice\src\arch\shared\archdep_user_state_path.c">
      <Filter>Source Files</Filter>
    </ClCompile>
    <ClCompile Include="..\vice-emu-code-r44576-trunk-vice\src\arch\shared\archdep_usleep.c">
      <Filter>Source Files</Filter>
    </ClCompile>
    <ClCompile Include="..\vice-emu-code-r44576-trunk-vice\src\arch\shared\archdep_xdg.c">
      <Filter>Source Files</Filter>
    </ClCompile>
    <ClCompile Include="..\vice-emu-code-r44576-trunk-vice\src\arch\shared\console.c">
      <Filter>Source Files</Filter>
    </ClCompile>
    <ClCompile Include="..\vice-emu-code-r44576-trunk-vice\src\arch\shared\coproc.c">
      <Filter>Source Files</Filter>
    </ClCompile>
    <ClCompile Include="..\vice-emu-code-r44576-trunk-vice\src\arch\shared\dynlib.c">
      <Filter>Source Files</Filter>
    </ClCompile>
    <ClCompile Include="..\vice-emu-code-r44576-trunk-vice\src\arch\shared\signals.c">
      <Filter>Source Files</Filter>
    </ClCompile>
    <ClCompile Include="..\vice-emu-code-r44576-trunk-vice\src\lib.c">
      <Filter>Source Files</Filter>
    </ClCompile>
    <ClCompile Include="..\vice-emu-code-r44576-trunk-vice\src\log.c">
      <Filter>Source Files</Filter>
    </ClCompile>
    <ClCompile Include="..\vice-emu-code-r44576-trunk-vice\src\util.c">
      <Filter>Source Files</Filter>
    </ClCompile>
    <ClCompile Include="..\vice-emu-code-r44576-trunk-vice\src\resources.c">
      <Filter>Source Files</Filter>
    </ClCompile>
    <ClCompile Include="..\vice-emu-code-r44576-trunk-vice\src\sysfile.c">
      <Filter>Source Files</Filter>
    </ClCompile>
    <ClCompile Include="..\vice-emu-code-r44576-trunk-vice\src\arch\shared\archdep_stat.c">
      <Filter>Source Files</Filter>
    </ClCompile>
    <ClCompile Include="..\vice-emu-code-r44576-trunk-vice\src\arch\gtk3\archdep.c">
      <Filter>Source Files</Filter>
    </ClCompile>
    <ClCompile Include="..\vice-emu-code-r44576-trunk-vice\src\cbmdos.c">
      <Filter>Source Files</Filter>
    </ClCompile>
    <ClCompile Include="..\vice-emu-code-r44576-trunk-vice\src\gcr.c">
      <Filter>Source Files</Filter>
    </ClCompile>
    <ClCompile Include="..\vice-emu-code-r44576-trunk-vice\src\serial\serial-iec.c">
      <Filter>Source Files</Filter>
    </ClCompile>
    <ClCompile Include="..\vice-emu-code-r44576-trunk-vice\src\cbmimage.c">
      <Filter>Source Files</Filter>
    </ClCompile>
    <ClCompile Include="..\vice-emu-code-r44576-trunk-vice\src\serial\serial-iec-bus.c">
      <Filter>Source Files</Filter>
    </ClCompile>
    <ClCompile Include="..\vice-emu-code-r44576-trunk-vice\src\charset.c">
      <Filter>Source Files</Filter>
    </ClCompile>
    <ClCompile Include="..\vice-emu-code-r44576-trunk-vice\src\serial\fsdrive.c">
      <Filter>Source Files</Filter>
    </ClCompile>
    <ClCompile Include="..\vice-emu-code-r44576-trunk-vice\src\lib\p64\p64.c">
      <Filter>Source Files</Filter>
    </ClCompile>
    <ClCompile Include="..\vice-emu-code-r44576-trunk-vice\src\fileio\fileio.c">
      <Filter>Source Files</Filter>
    </ClCompile>
    <ClCompile Include="..\vice-emu-code-r44576-trunk-vice\src\serial\serial-realdevice.c">
      <Filter>Source Files</Filter>
    </ClCompile>
    <ClCompile Include="..\vice-emu-code-r44576-trunk-vice\src\tape\tapeimage.c">
      <Filter>Source Files</Filter>
    </ClCompile>
    <ClCompile Include="..\vice-emu-code-r44576-trunk-vice\src\fileio\cbmfile.c">
      <Filter>Source Files</Filter>
    </ClCompile>
    <ClCompile Include="..\vice-emu-code-r44576-trunk-vice\src\fileio\p00.c">
      <Filter>Source Files</Filter>
    </ClCompile>
    <ClCompile Include="..\vice-emu-code-r44576-trunk-vice\src\rawfile.c">
      <Filter>Source Files</Filter>
    </ClCompile>
    <ClCompile Include="..\vice-emu-code-r44576-trunk-vice\src\tape\tap.c">
      <Filter>Source Files</Filter>
    </ClCompile>
    <ClCompile Include="..\vice-emu-code-r44576-trunk-vice\src\tape\t64.c">
      <Filter>Source Files</Filter>
    </ClCompile>
    <ClCompile Include="..\vice-emu-code-r44576-trunk-vice\src\info.c">
      <Filter>Source Files</Filter>
    </ClCompile>
    <ClCompile Include="..\vice-emu-code-r44576-trunk-vice\src\zfile.c">
      <Filter>Source Files</Filter>
    </ClCompile>
    <ClCompile Include="..\vice-emu-code-r44576-trunk-vice\src\zipcode.c">
      <Filter>Source Files</Filter>
    </ClCompile>
    <ClCompile Include="..\vice-emu-code-r44576-trunk-vice\src\findpath.c">
      <Filter>Source Files</Filter>
    </ClCompile>
    <ClCompile Include="..\vice-emu-code-r44576-trunk-vice\src\alarm.c">
      <Filter>Source Files</Filter>
    </ClCompile>
    <ClCompile Include="..\vice-emu-code-r44576-trunk-vice\src\arch\shared\archdep_spawn.c">
      <Filter>Source Files</Filter>
    </ClCompile>
    <ClCompile Include="..\vice-emu-code-r44576-trunk-vice\src\tape\tape-internal.c">
      <Filter>Source Files</Filter>
    </ClCompile>
    <ClCompile Include="..\vice-emu-code-r44576-trunk-vice\src\lib\linenoise-ng\linenoise.cpp">
      <Filter>Source Files</Filter>
    </ClCompile>
    <ClCompile Include="..\vice-emu-code-r44576-trunk-vice\src\lib\linenoise-ng\ConvertUTF.cpp">
      <Filter>Source Files</Filter>
    </ClCompile>
    <ClCompile Include="..\vice-emu-code-r44576-trunk-vice\src\lib\linenoise-ng\wcwidth.cpp">
      <Filter>Source Files</Filter>
    </ClCompile>
    <ClCompile Include="..\vice-emu-code-r44576-trunk-vice\src\drive\rotation.c">
      <Filter>Source Files</Filter>
    </ClCompile>
  </ItemGroup>
  <ItemGroup>
    <ClInclude Include="..\vice-emu-code-r44576-trunk-vice\src\drive\iec.h">
      <Filter>Header Files</Filter>
    </ClInclude>
    <ClInclude Include="..\vice-emu-code-r44576-trunk-vice\src\drive\iec\via1d1541.h">
      <Filter>Header Files</Filter>
    </ClInclude>
    <ClInclude Include="..\vice-emu-code-r44576-trunk-vice\config.h">
      <Filter>Header Files</Filter>
    </ClInclude>
    <ClInclude Include="..\glib-main\glib\glibconfig.h">
      <Filter>Header Files</Filter>
    </ClInclude>
    <ClInclude Include="..\vice-emu-code-r44576-trunk-vice\src\diskimage\fsimage.h">
      <Filter>Source Files</Filter>
    </ClInclude>
    <ClInclude Include="..\vice-emu-code-r44576-trunk-vice\src\diskimage\fsimage-check.h">
      <Filter>Source Files</Filter>
    </ClInclude>
    <ClInclude Include="..\vice-emu-code-r44576-trunk-vice\src\diskimage\fsimage-create.h">
      <Filter>Source Files</Filter>
    </ClInclude>
    <ClInclude Include="..\vice-emu-code-r44576-trunk-vice\src\diskimage\fsimage-dxx.h">
      <Filter>Source Files</Filter>
    </ClInclude>
    <ClInclude Include="..\vice-emu-code-r44576-trunk-vice\src\diskimage\fsimage-gcr.h">
      <Filter>Source Files</Filter>
    </ClInclude>
    <ClInclude Include="..\vice-emu-code-r44576-trunk-vice\src\diskimage\fsimage-p64.h">
      <Filter>Source Files</Filter>
    </ClInclude>
    <ClInclude Include="..\vice-emu-code-r44576-trunk-vice\src\diskimage\fsimage-probe.h">
      <Filter>Source Files</Filter>
    </ClInclude>
    <ClInclude Include="..\vice-emu-code-r44576-trunk-vice\src\diskimage\realimage.h">
      <Filter>Source Files</Filter>
    </ClInclude>
    <ClInclude Include="..\vice-emu-code-r44576-trunk-vice\src\diskimage\x64.h">
      <Filter>Source Files</Filter>
    </ClInclude>
    <ClInclude Include="..\vice-emu-code-r44576-trunk-vice\src\vdrive\vdrive.h">
      <Filter>Source Files</Filter>
    </ClInclude>
    <ClInclude Include="..\vice-emu-code-r44576-trunk-vice\src\vdrive\vdrive-bam.h">
      <Filter>Source Files</Filter>
    </ClInclude>
    <ClInclude Include="..\vice-emu-code-r44576-trunk-vice\src\vdrive\vdrive-command.h">
      <Filter>Source Files</Filter>
    </ClInclude>
    <ClInclude Include="..\vice-emu-code-r44576-trunk-vice\src\vdrive\vdrive-dir.h">
      <Filter>Source Files</Filter>
    </ClInclude>
    <ClInclude Include="..\vice-emu-code-r44576-trunk-vice\src\vdrive\vdrive-iec.h">
      <Filter>Source Files</Filter>
    </ClInclude>
    <ClInclude Include="..\vice-emu-code-r44576-trunk-vice\src\vdrive\vdrive-internal.h">
      <Filter>Source Files</Filter>
    </ClInclude>
    <ClInclude Include="..\vice-emu-code-r44576-trunk-vice\src\vdrive\vdrive-rel.h">
      <Filter>Source Files</Filter>
    </ClInclude>
    <ClInclude Include="..\vice-emu-code-r44576-trunk-vice\src\vdrive\vdrive-snapshot.h">
      <Filter>Source Files</Filter>
    </ClInclude>
    <ClInclude Include="..\vice-emu-code-r44576-trunk-vice\src\imagecontents\diskcontents.h">
      <Filter>Source Files</Filter>
    </ClInclude>
    <ClInclude Include="..\vice-emu-code-r44576-trunk-vice\src\imagecontents\diskcontents-block.h">
      <Filter>Source Files</Filter>
    </ClInclude>
    <ClInclude Include="..\vice-emu-code-r44576-trunk-vice\src\imagecontents\diskcontents-iec.h">
      <Filter>Source Files</Filter>
    </ClInclude>
    <ClInclude Include="..\vice-emu-code-r44576-trunk-vice\src\imagecontents\tapecontents.h">
      <Filter>Source Files</Filter>
    </ClInclude>
    <ClInclude Include="infocontrib.h">
      <Filter>Header Files</Filter>
    </ClInclude>
    <ClInclude Include="version.h">
      <Filter>Header Files</Filter>
    </ClInclude>
  </ItemGroup>
  <ItemGroup>
    <None Include="..\.gitignore" />
    <None Include="..\README.md" />
  </ItemGroup>
  <ItemGroup>
    <Text Include="TODO.txt" />
    <Text Include="Done.txt" />
  </ItemGroup>
</Project>